{
  "originHash" : "88e2473d2a928053f6d2c9467ec078b9aa6f599c82344ac74c24903de1c49890",
  "pins" : [
    {
      "identity" : "kahf-ads-ios",
      "kind" : "remoteSourceControl",
      "location" : "https://github.com/KahfAds/kahf-ads-ios.git",
      "state" : {
        "revision" : "7892cee5244ba5a420233988794dee23059660ca",
        "version" : "1.0.3"
      }
    }
  ],
  "version" : 3
}
